
Microsoft Visual Studio Solution File, Format Version 12.00
# Visual Studio 15
VisualStudioVersion = 15.0.26730.12
MinimumVisualStudioVersion = 10.0.40219.1
Project("{888888A0-9F3D-457C-B088-3A5042F75D52}") = "vsPyTest", "vsPyTest\vsPyTest.pyproj", "{5185E72F-1194-487F-9E85-7BFF87EEDECE}"
EndProject
Global
	GlobalSection(SolutionConfigurationPlatforms) = preSolution
		Debug|Any CPU = Debug|Any CPU
		Release|Any CPU = Release|Any CPU
	EndGlobalSection
	GlobalSection(ProjectConfigurationPlatforms) = postSolution
		{5185E72F-1194-487F-9E85-7BFF87EEDECE}.Debug|Any CPU.ActiveCfg = Debug|Any CPU
		{5185E72F-1194-487F-9E85-7BFF87EEDECE}.Release|Any CPU.ActiveCfg = Release|Any CPU
	EndGlobalSection
	GlobalSection(SolutionProperties) = preSolution
		HideSolutionNode = FALSE
	EndGlobalSection
	GlobalSection(ExtensibilityGlobals) = postSolution
		SolutionGuid = {E1D5ABE8-AADB-471A-9A2C-3798820386CC}
	EndGlobalSection
EndGlobal
